
Microsoft Visual Studio Solution File, Format Version 12.00
# Visual Studio Version 17
VisualStudioVersion = 17.6.33801.468
MinimumVisualStudioVersion = 10.0.40219.1
Project("{FAE04EC0-301F-11D3-BF4B-00C04F79EFBC}") = "LinkedinFactoryPattern", "LinkedinFactoryPattern\LinkedinFactoryPattern.csproj", "{14F660B3-5583-4138-A3F1-DABF6D526668}"
EndProject
Global
	GlobalSection(SolutionConfigurationPlatforms) = preSolution
		Debug|Any CPU = Debug|Any CPU
		Release|Any CPU = Release|Any CPU
	EndGlobalSection
	GlobalSection(ProjectConfigurationPlatforms) = postSolution
		{14F660B3-5583-4138-A3F1-DABF6D526668}.Debug|Any CPU.ActiveCfg = Debug|Any CPU
		{14F660B3-5583-4138-A3F1-DABF6D526668}.Debug|Any CPU.Build.0 = Debug|Any CPU
		{14F660B3-5583-4138-A3F1-DABF6D526668}.Release|Any CPU.ActiveCfg = Release|Any CPU
		{14F660B3-5583-4138-A3F1-DABF6D526668}.Release|Any CPU.Build.0 = Release|Any CPU
	EndGlobalSection
	GlobalSection(SolutionProperties) = preSolution
		HideSolutionNode = FALSE
	EndGlobalSection
	GlobalSection(ExtensibilityGlobals) = postSolution
		SolutionGuid = {C3C29B18-BEAE-4B0E-BEB0-5A7A0F0EE60F}
	EndGlobalSection
EndGlobal
